
Microsoft Visual Studio Solution File, Format Version 12.00
# Visual Studio Version 16
VisualStudioVersion = 16.0.29613.14
MinimumVisualStudioVersion = 10.0.40219.1
Project("{FAE04EC0-301F-11D3-BF4B-00C04F79EFBC}") = "GprTest", "GprTest\GprTest.csproj", "{12FC1DFF-CB44-4BE2-ABE2-00382B6399E7}"
EndProject
Project("{2150E333-8FDC-42A3-9474-1A3956D46DE8}") = "Solution Items", "Solution Items", "{E8154725-2406-40F9-8F92-37E116B2DDFB}"
	ProjectSection(SolutionItems) = preProject
		Readme.md = Readme.md
	EndProjectSection
EndProject
Project("{FAE04EC0-301F-11D3-BF4B-00C04F79EFBC}") = "Consumer", "Consumer\Consumer.csproj", "{76230216-46E5-4A14-984B-7A1B6F91D67C}"
EndProject
Global
	GlobalSection(SolutionConfigurationPlatforms) = preSolution
		Debug|Any CPU = Debug|Any CPU
		Release|Any CPU = Release|Any CPU
	EndGlobalSection
	GlobalSection(ProjectConfigurationPlatforms) = postSolution
		{12FC1DFF-CB44-4BE2-ABE2-00382B6399E7}.Debug|Any CPU.ActiveCfg = Debug|Any CPU
		{12FC1DFF-CB44-4BE2-ABE2-00382B6399E7}.Debug|Any CPU.Build.0 = Debug|Any CPU
		{12FC1DFF-CB44-4BE2-ABE2-00382B6399E7}.Release|Any CPU.ActiveCfg = Release|Any CPU
		{12FC1DFF-CB44-4BE2-ABE2-00382B6399E7}.Release|Any CPU.Build.0 = Release|Any CPU
		{76230216-46E5-4A14-984B-7A1B6F91D67C}.Debug|Any CPU.ActiveCfg = Debug|Any CPU
		{76230216-46E5-4A14-984B-7A1B6F91D67C}.Debug|Any CPU.Build.0 = Debug|Any CPU
		{76230216-46E5-4A14-984B-7A1B6F91D67C}.Release|Any CPU.ActiveCfg = Release|Any CPU
		{76230216-46E5-4A14-984B-7A1B6F91D67C}.Release|Any CPU.Build.0 = Release|Any CPU
	EndGlobalSection
	GlobalSection(SolutionProperties) = preSolution
		HideSolutionNode = FALSE
	EndGlobalSection
	GlobalSection(ExtensibilityGlobals) = postSolution
		SolutionGuid = {D2890C0D-BC09-4DC8-9D14-8BF257B528F9}
	EndGlobalSection
EndGlobal
